// !$*UTF8*$!
{
	archiveVersion = 1;
	classes = {
	};
	objectVersion = 77;
	objects = {

/* Begin PBXBuildFile section */
		C61109060000000000000001 /* FinanceTrackerWatchWidget.appex in Embed Watch App Extensions */ = {isa = PBXBuildFile; fileRef = C61109060000000000000002 /* FinanceTrackerWatchWidget.appex */; settings = {ATTRIBUTES = (RemoveHeadersOnCopy, ); }; };
		C62200012FFD000100000022 /* SageKit.framework in Frameworks */ = {isa = PBXBuildFile; fileRef = C68EEE0F2FD7C7E8003C4FD6 /* SageKit.framework */; platformFilter = ios; };
		C62400012FFF002400000001 /* SageKit.framework in Frameworks */ = {isa = PBXBuildFile; fileRef = C68EEE0F2FD7C7E8003C4FD6 /* SageKit.framework */; platformFilter = ios; };
		C62509062FFF002400000001 /* THIRD_PARTY_NOTICES.md in Resources */ = {isa = PBXBuildFile; fileRef = C62509062FFF002400000002 /* THIRD_PARTY_NOTICES.md */; };
		C673106C2FD4932500A4C432 /* AppIntents.framework in Frameworks */ = {isa = PBXBuildFile; fileRef = C673106B2FD4932500A4C432 /* AppIntents.framework */; };
		C68EEE152FD7C7E8003C4FD6 /* SageKit.framework in Frameworks */ = {isa = PBXBuildFile; fileRef = C68EEE0F2FD7C7E8003C4FD6 /* SageKit.framework */; };
		C68EEE162FD7C7E8003C4FD6 /* SageKit.framework in Embed Frameworks */ = {isa = PBXBuildFile; fileRef = C68EEE0F2FD7C7E8003C4FD6 /* SageKit.framework */; settings = {ATTRIBUTES = (CodeSignOnCopy, RemoveHeadersOnCopy, ); }; };
		C68EEE1F2FD7C812003C4FD6 /* SageKit.framework in Frameworks */ = {isa = PBXBuildFile; fileRef = C68EEE0F2FD7C7E8003C4FD6 /* SageKit.framework */; };
		C6B09FD32E92CF5200899162 /* WidgetKit.framework in Frameworks */ = {isa = PBXBuildFile; fileRef = C6B09FD22E92CF5200899162 /* WidgetKit.framework */; };
		C6B09FD52E92CF5200899162 /* SwiftUI.framework in Frameworks */ = {isa = PBXBuildFile; fileRef = C6B09FD42E92CF5200899162 /* SwiftUI.framework */; };
		C6B09FE42E92CF5400899162 /* FinanceTrackerWidgetExtension.appex in Embed Foundation Extensions */ = {isa = PBXBuildFile; fileRef = C6B09FD02E92CF5200899162 /* FinanceTrackerWidgetExtension.appex */; settings = {ATTRIBUTES = (RemoveHeadersOnCopy, ); }; };
		C6ED82C23053ADE4004DE5F2 /* FinanceTrackerWatch Watch App.app in Embed Watch Content */ = {isa = PBXBuildFile; fileRef = C6ED82B83053ADE3004DE5F2 /* FinanceTrackerWatch Watch App.app */; settings = {ATTRIBUTES = (RemoveHeadersOnCopy, ); }; };
/* End PBXBuildFile section */

/* Begin PBXContainerItemProxy section */
		C61109060000000000000003 /* PBXContainerItemProxy */ = {
			isa = PBXContainerItemProxy;
			containerPortal = C66031BE2E8073C60078DD15 /* Project object */;
			proxyType = 1;
			remoteGlobalIDString = C61109060000000000000004;
			remoteInfo = FinanceTrackerWatchWidget;
		};
		C62200022FFD000100000022 /* PBXContainerItemProxy */ = {
			isa = PBXContainerItemProxy;
			containerPortal = C66031BE2E8073C60078DD15 /* Project object */;
			proxyType = 1;
			remoteGlobalIDString = C68EEE0E2FD7C7E8003C4FD6;
			remoteInfo = SageKit;
		};
		C62400022FFF002400000002 /* PBXContainerItemProxy */ = {
			isa = PBXContainerItemProxy;
			containerPortal = C66031BE2E8073C60078DD15 /* Project object */;
			proxyType = 1;
			remoteGlobalIDString = C68EEE0E2FD7C7E8003C4FD6;
			remoteInfo = SageKit;
		};
		C655B3B22EF8E4B300E1F50E /* PBXContainerItemProxy */ = {
			isa = PBXContainerItemProxy;
			containerPortal = C66031BE2E8073C60078DD15 /* Project object */;
			proxyType = 1;
			remoteGlobalIDString = C66031C52E8073C60078DD15;
			remoteInfo = FinanceTracker;
		};
		C68EEE132FD7C7E8003C4FD6 /* PBXContainerItemProxy */ = {
			isa = PBXContainerItemProxy;
			containerPortal = C66031BE2E8073C60078DD15 /* Project object */;
			proxyType = 1;
			remoteGlobalIDString = C68EEE0E2FD7C7E8003C4FD6;
			remoteInfo = SageKit;
		};
		C68EEE212FD7C812003C4FD6 /* PBXContainerItemProxy */ = {
			isa = PBXContainerItemProxy;
			containerPortal = C66031BE2E8073C60078DD15 /* Project object */;
			proxyType = 1;
			remoteGlobalIDString = C68EEE0E2FD7C7E8003C4FD6;
			remoteInfo = SageKit;
		};
		C6B09FE22E92CF5400899162 /* PBXContainerItemProxy */ = {
			isa = PBXContainerItemProxy;
			containerPortal = C66031BE2E8073C60078DD15 /* Project object */;
			proxyType = 1;
			remoteGlobalIDString = C6B09FCF2E92CF5200899162;
			remoteInfo = FinanceTrackerWidgetExtension;
		};
		C6ED82C03053ADE4004DE5F2 /* PBXContainerItemProxy */ = {
			isa = PBXContainerItemProxy;
			containerPortal = C66031BE2E8073C60078DD15 /* Project object */;
			proxyType = 1;
			remoteGlobalIDString = C6ED82B73053ADE3004DE5F2;
			remoteInfo = "FinanceTrackerWatch Watch App";
		};
/* End PBXContainerItemProxy section */

/* Begin PBXCopyFilesBuildPhase section */
		C61109060000000000000005 /* Embed Watch App Extensions */ = {
			isa = PBXCopyFilesBuildPhase;
			buildActionMask = 2147483647;
			dstPath = "";
			dstSubfolderSpec = 13;
			files = (
				C61109060000000000000001 /* FinanceTrackerWatchWidget.appex in Embed Watch App Extensions */,
			);
			name = "Embed Watch App Extensions";
			runOnlyForDeploymentPostprocessing = 0;
		};
		C68EEE1A2FD7C7E8003C4FD6 /* Embed Frameworks */ = {
			isa = PBXCopyFilesBuildPhase;
			buildActionMask = 2147483647;
			dstPath = "";
			dstSubfolderSpec = 10;
			files = (
				C68EEE162FD7C7E8003C4FD6 /* SageKit.framework in Embed Frameworks */,
			);
			name = "Embed Frameworks";
			runOnlyForDeploymentPostprocessing = 0;
		};
		C68EEE232FD7C812003C4FD6 /* Embed Frameworks */ = {
			isa = PBXCopyFilesBuildPhase;
			buildActionMask = 2147483647;
			dstPath = "";
			dstSubfolderSpec = 10;
			files = (
			);
			name = "Embed Frameworks";
			runOnlyForDeploymentPostprocessing = 0;
		};
		C6B09FE92E92CF5400899162 /* Embed Foundation Extensions */ = {
			isa = PBXCopyFilesBuildPhase;
			buildActionMask = 2147483647;
			dstPath = "";
			dstSubfolderSpec = 13;
			files = (
				C6B09FE42E92CF5400899162 /* FinanceTrackerWidgetExtension.appex in Embed Foundation Extensions */,
			);
			name = "Embed Foundation Extensions";
			runOnlyForDeploymentPostprocessing = 0;
		};
		C6ED82C63053ADE4004DE5F2 /* Embed Watch Content */ = {
			isa = PBXCopyFilesBuildPhase;
			buildActionMask = 2147483647;
			dstPath = "$(CONTENTS_FOLDER_PATH)/Watch";
			dstSubfolderSpec = 16;
			files = (
				C6ED82C23053ADE4004DE5F2 /* FinanceTrackerWatch Watch App.app in Embed Watch Content */,
			);
			name = "Embed Watch Content";
			runOnlyForDeploymentPostprocessing = 0;
		};
/* End PBXCopyFilesBuildPhase section */

/* Begin PBXFileReference section */
		C60909063000000100000001 /* FinanceTracker-PR.xctestplan */ = {isa = PBXFileReference; lastKnownFileType = text; path = "FinanceTracker-PR.xctestplan"; sourceTree = "<group>"; };
		C61109060000000000000002 /* FinanceTrackerWatchWidget.appex */ = {isa = PBXFileReference; explicitFileType = "wrapper.app-extension"; includeInIndex = 0; path = FinanceTrackerWatchWidget.appex; sourceTree = BUILT_PRODUCTS_DIR; };
		C62400032FFF002400000003 /* FinanceTrackerTests.xctest */ = {isa = PBXFileReference; explicitFileType = wrapper.cfbundle; includeInIndex = 0; path = FinanceTrackerTests.xctest; sourceTree = BUILT_PRODUCTS_DIR; };
		C62509062FFF002400000002 /* THIRD_PARTY_NOTICES.md */ = {isa = PBXFileReference; lastKnownFileType = net.daringfireball.markdown; path = THIRD_PARTY_NOTICES.md; sourceTree = "<group>"; };
		C655B3AC2EF8E4B300E1F50E /* FinanceTrackerUITests.xctest */ = {isa = PBXFileReference; explicitFileType = wrapper.cfbundle; includeInIndex = 0; path = FinanceTrackerUITests.xctest; sourceTree = BUILT_PRODUCTS_DIR; };
		C66031C62E8073C60078DD15 /* Sage.app */ = {isa = PBXFileReference; explicitFileType = wrapper.application; includeInIndex = 0; path = Sage.app; sourceTree = BUILT_PRODUCTS_DIR; };
		C673106B2FD4932500A4C432 /* AppIntents.framework */ = {isa = PBXFileReference; lastKnownFileType = wrapper.framework; name = AppIntents.framework; path = System/Library/Frameworks/AppIntents.framework; sourceTree = SDKROOT; };
		C68EEE0F2FD7C7E8003C4FD6 /* SageKit.framework */ = {isa = PBXFileReference; explicitFileType = wrapper.framework; includeInIndex = 0; path = SageKit.framework; sourceTree = BUILT_PRODUCTS_DIR; };
		C6B09FD02E92CF5200899162 /* FinanceTrackerWidgetExtension.appex */ = {isa = PBXFileReference; explicitFileType = "wrapper.app-extension"; includeInIndex = 0; path = FinanceTrackerWidgetExtension.appex; sourceTree = BUILT_PRODUCTS_DIR; };
		C6B09FD22E92CF5200899162 /* WidgetKit.framework */ = {isa = PBXFileReference; lastKnownFileType = wrapper.framework; name = WidgetKit.framework; path = System/Library/Frameworks/WidgetKit.framework; sourceTree = SDKROOT; };
		C6B09FD42E92CF5200899162 /* SwiftUI.framework */ = {isa = PBXFileReference; lastKnownFileType = wrapper.framework; name = SwiftUI.framework; path = System/Library/Frameworks/SwiftUI.framework; sourceTree = SDKROOT; };
		C6B09FEB2E92CFDF00899162 /* FinanceTrackerWidgetExtension.entitlements */ = {isa = PBXFileReference; lastKnownFileType = text.plist.entitlements; path = FinanceTrackerWidgetExtension.entitlements; sourceTree = "<group>"; };
		C6C7FEC530366B730069EF5D /* FinanceTracker-Dev.xctestplan */ = {isa = PBXFileReference; lastKnownFileType = text; path = "FinanceTracker-Dev.xctestplan"; sourceTree = "<group>"; };
		C6E6BEEF302E3A40000C3CE7 /* FinanceTracker.xctestplan */ = {isa = PBXFileReference; lastKnownFileType = text; path = FinanceTracker.xctestplan; sourceTree = "<group>"; };
		C6ED82B83053ADE3004DE5F2 /* FinanceTrackerWatch Watch App.app */ = {isa = PBXFileReference; explicitFileType = wrapper.application; includeInIndex = 0; path = "FinanceTrackerWatch Watch App.app"; sourceTree = BUILT_PRODUCTS_DIR; };
/* End PBXFileReference section */

/* Begin PBXFileSystemSynchronizedBuildFileExceptionSet section */
		C60908063000000100000001 /* Exceptions for "FinanceTracker" folder in "FinanceTrackerTests" target */ = {
			isa = PBXFileSystemSynchronizedBuildFileExceptionSet;
			membershipExceptions = (
				App/UITestConfiguration.swift,
				Core/Analytics/SpendingCalendarMonth.swift,
				Core/DataManagement/DataDeletionService.swift,
				Core/DataManagement/ExpenseBackupCodec.swift,
				Core/DataManagement/ExpenseBackupService.swift,
				Core/DataManagement/ExpenseCSVCodec.swift,
				Core/DataManagement/ExpenseImportService.swift,
				Core/Money/AmountInput.swift,
				Core/Money/CentsFirstAmountInput.swift,
				Core/Notifications/DailyExpenseReminderScheduler.swift,
				Core/Notifications/NotificationClient.swift,
				Core/Notifications/RecurringReminderPlan.swift,
				Core/Notifications/RecurringReminderScheduler.swift,
				Core/Preferences/AppConfiguration.swift,
				Core/Preferences/DashboardWidgetID.swift,
				Core/Preferences/PreferenceSyncService.swift,
				Core/Receipts/ReceiptImageImport.swift,
				Core/Recurring/RecurringExpenseRepairService.swift,
				Core/Recurring/RecurringExpenseSchedule.swift,
				Core/Recurring/RecurringExpenseService.swift,
				DesignSystem/FlowLayout.swift,
				Features/Settings/Privacy/PrivacyPolicyNavigation.swift,
				PreviewSupport/MockDataSeeder.swift,
				"PreviewSupport/SageModelContainer+Preview.swift",
			);
			target = C62400062FFF002400000006 /* FinanceTrackerTests */;
		};
		C61009063000000100000001 /* Exceptions for "FinanceTracker" folder in "FinanceTrackerWatch Watch App" target */ = {
			isa = PBXFileSystemSynchronizedBuildFileExceptionSet;
			membershipExceptions = (
				"Resources/FinanceApp-Dev.icon",
				Resources/FinanceApp.icon,
			);
			target = C6ED82B73053ADE3004DE5F2 /* FinanceTrackerWatch Watch App */;
		};
		C61109060000000000000006 /* Exceptions for "SageKit" folder in "FinanceTrackerWatchWidget" target */ = {
			isa = PBXFileSystemSynchronizedBuildFileExceptionSet;
			membershipExceptions = (
				WatchSync/WatchSnapshot.swift,
			);
			target = C61109060000000000000004 /* FinanceTrackerWatchWidget */;
		};
		C61109060000000000000007 /* Exceptions for "FinanceTrackerWatchWidget" folder in "FinanceTrackerWatchWidget" target */ = {
			isa = PBXFileSystemSynchronizedBuildFileExceptionSet;
			membershipExceptions = (
				Info.plist,
			);
			target = C61109060000000000000004 /* FinanceTrackerWatchWidget */;
		};
		C61F44AA2F00D5360033F8B6 /* Exceptions for "FinanceTracker" folder in "FinanceTracker" target */ = {
			isa = PBXFileSystemSynchronizedBuildFileExceptionSet;
			membershipExceptions = (
				Config/Secrets.xcconfig,
				Info.plist,
			);
			target = C66031C52E8073C60078DD15 /* FinanceTracker */;
		};
		C68EEE1C2FD7C7FC003C4FD6 /* Exceptions for "SageKit" folder in "FinanceTracker" target */ = {
			isa = PBXFileSystemSynchronizedBuildFileExceptionSet;
			membershipExceptions = (
				Assets.xcassets,
			);
			target = C66031C52E8073C60078DD15 /* FinanceTracker */;
		};
		C68EEE1D2FD7C7FC003C4FD6 /* Exceptions for "SageKit" folder in "FinanceTrackerWidgetExtension" target */ = {
			isa = PBXFileSystemSynchronizedBuildFileExceptionSet;
			membershipExceptions = (
				Assets.xcassets,
			);
			target = C6B09FCF2E92CF5200899162 /* FinanceTrackerWidgetExtension */;
		};
		C6B09FE52E92CF5400899162 /* Exceptions for "FinanceTrackerWidget" folder in "FinanceTrackerWidgetExtension" target */ = {
			isa = PBXFileSystemSynchronizedBuildFileExceptionSet;
			membershipExceptions = (
				Info.plist,
			);
			target = C6B09FCF2E92CF5200899162 /* FinanceTrackerWidgetExtension */;
		};
		C6ED84A43053BCE7004DE5F2 /* Exceptions for "SageKit" folder in "FinanceTrackerWatch Watch App" target */ = {
			isa = PBXFileSystemSynchronizedBuildFileExceptionSet;
			membershipExceptions = (
				WatchSync/WatchSnapshot.swift,
			);
			target = C6ED82B73053ADE3004DE5F2 /* FinanceTrackerWatch Watch App */;
		};
/* End PBXFileSystemSynchronizedBuildFileExceptionSet section */

/* Begin PBXFileSystemSynchronizedRootGroup section */
		C6110906000000000000000A /* FinanceTrackerWatchWidget */ = {
			isa = PBXFileSystemSynchronizedRootGroup;
			exceptions = (
				C61109060000000000000007 /* Exceptions for "FinanceTrackerWatchWidget" folder in "FinanceTrackerWatchWidget" target */,
			);
			path = FinanceTrackerWatchWidget;
			sourceTree = "<group>";
		};
		C6110906000000000000000B /* WatchShared */ = {
			isa = PBXFileSystemSynchronizedRootGroup;
			path = WatchShared;
			sourceTree = "<group>";
		};
		C62400042FFF002400000004 /* FinanceTrackerTests */ = {
			isa = PBXFileSystemSynchronizedRootGroup;
			path = FinanceTrackerTests;
			sourceTree = "<group>";
		};
		C655B3AD2EF8E4B300E1F50E /* FinanceTrackerUITests */ = {
			isa = PBXFileSystemSynchronizedRootGroup;
			path = FinanceTrackerUITests;
			sourceTree = "<group>";
		};
		C66031C82E8073C60078DD15 /* FinanceTracker */ = {
			isa = PBXFileSystemSynchronizedRootGroup;
			exceptions = (
				C61F44AA2F00D5360033F8B6 /* Exceptions for "FinanceTracker" folder in "FinanceTracker" target */,
				C60908063000000100000001 /* Exceptions for "FinanceTracker" folder in "FinanceTrackerTests" target */,
				C61009063000000100000001 /* Exceptions for "FinanceTracker" folder in "FinanceTrackerWatch Watch App" target */,
			);
			path = FinanceTracker;
			sourceTree = "<group>";
		};
		C68EEE102FD7C7E8003C4FD6 /* SageKit */ = {
			isa = PBXFileSystemSynchronizedRootGroup;
			exceptions = (
				C68EEE1C2FD7C7FC003C4FD6 /* Exceptions for "SageKit" folder in "FinanceTracker" target */,
				C68EEE1D2FD7C7FC003C4FD6 /* Exceptions for "SageKit" folder in "FinanceTrackerWidgetExtension" target */,
				C6ED84A43053BCE7004DE5F2 /* Exceptions for "SageKit" folder in "FinanceTrackerWatch Watch App" target */,
				C61109060000000000000006 /* Exceptions for "SageKit" folder in "FinanceTrackerWatchWidget" target */,
			);
			path = SageKit;
			sourceTree = "<group>";
		};
		C6B09FD62E92CF5200899162 /* FinanceTrackerWidget */ = {
			isa = PBXFileSystemSynchronizedRootGroup;
			exceptions = (
				C6B09FE52E92CF5400899162 /* Exceptions for "FinanceTrackerWidget" folder in "FinanceTrackerWidgetExtension" target */,
			);
			path = FinanceTrackerWidget;
			sourceTree = "<group>";
		};
		C6ED82B93053ADE3004DE5F2 /* FinanceTrackerWatch Watch App */ = {
			isa = PBXFileSystemSynchronizedRootGroup;
			path = "FinanceTrackerWatch Watch App";
			sourceTree = "<group>";
		};
/* End PBXFileSystemSynchronizedRootGroup section */

/* Begin PBXFrameworksBuildPhase section */
		C6110906000000000000000C /* Frameworks */ = {
			isa = PBXFrameworksBuildPhase;
			buildActionMask = 2147483647;
			files = (
			);
			runOnlyForDeploymentPostprocessing = 0;
		};
		C62400052FFF002400000005 /* Frameworks */ = {
			isa = PBXFrameworksBuildPhase;
			buildActionMask = 2147483647;
			files = (
				C62400012FFF002400000001 /* SageKit.framework in Frameworks */,
			);
			runOnlyForDeploymentPostprocessing = 0;
		};
		C655B3A92EF8E4B300E1F50E /* Frameworks */ = {
			isa = PBXFrameworksBuildPhase;
			buildActionMask = 2147483647;
			files = (
				C62200012FFD000100000022 /* SageKit.framework in Frameworks */,
			);
			runOnlyForDeploymentPostprocessing = 0;
		};
		C66031C32E8073C60078DD15 /* Frameworks */ = {
			isa = PBXFrameworksBuildPhase;
			buildActionMask = 2147483647;
			files = (
				C68EEE152FD7C7E8003C4FD6 /* SageKit.framework in Frameworks */,
			);
			runOnlyForDeploymentPostprocessing = 0;
		};
		C68EEE0C2FD7C7E8003C4FD6 /* Frameworks */ = {
			isa = PBXFrameworksBuildPhase;
			buildActionMask = 2147483647;
			files = (
			);
			runOnlyForDeploymentPostprocessing = 0;
		};
		C6B09FCD2E92CF5200899162 /* Frameworks */ = {
			isa = PBXFrameworksBuildPhase;
			buildActionMask = 2147483647;
			files = (
				C673106C2FD4932500A4C432 /* AppIntents.framework in Frameworks */,
				C68EEE1F2FD7C812003C4FD6 /* SageKit.framework in Frameworks */,
				C6B09FD52E92CF5200899162 /* SwiftUI.framework in Frameworks */,
				C6B09FD32E92CF5200899162 /* WidgetKit.framework in Frameworks */,
			);
			runOnlyForDeploymentPostprocessing = 0;
		};
		C6ED82B53053ADE3004DE5F2 /* Frameworks */ = {
			isa = PBXFrameworksBuildPhase;
			buildActionMask = 2147483647;
			files = (
			);
			runOnlyForDeploymentPostprocessing = 0;
		};
/* End PBXFrameworksBuildPhase section */

/* Begin PBXGroup section */
		C66031BD2E8073C60078DD15 = {
			isa = PBXGroup;
			children = (
				C6B09FEB2E92CFDF00899162 /* FinanceTrackerWidgetExtension.entitlements */,
				C62509062FFF002400000002 /* THIRD_PARTY_NOTICES.md */,
				C6C7FEC530366B730069EF5D /* FinanceTracker-Dev.xctestplan */,
				C60909063000000100000001 /* FinanceTracker-PR.xctestplan */,
				C6E6BEEF302E3A40000C3CE7 /* FinanceTracker.xctestplan */,
				C66031C82E8073C60078DD15 /* FinanceTracker */,
				C62400042FFF002400000004 /* FinanceTrackerTests */,
				C655B3AD2EF8E4B300E1F50E /* FinanceTrackerUITests */,
				C6ED82B93053ADE3004DE5F2 /* FinanceTrackerWatch Watch App */,
				C6110906000000000000000A /* FinanceTrackerWatchWidget */,
				C6B09FD62E92CF5200899162 /* FinanceTrackerWidget */,
				C6B09FD12E92CF5200899162 /* Frameworks */,
				C66031C72E8073C60078DD15 /* Products */,
				C68EEE102FD7C7E8003C4FD6 /* SageKit */,
				C6110906000000000000000B /* WatchShared */,
			);
			sourceTree = "<group>";
		};
		C66031C72E8073C60078DD15 /* Products */ = {
			isa = PBXGroup;
			children = (
				C66031C62E8073C60078DD15 /* Sage.app */,
				C6B09FD02E92CF5200899162 /* FinanceTrackerWidgetExtension.appex */,
				C62400032FFF002400000003 /* FinanceTrackerTests.xctest */,
				C655B3AC2EF8E4B300E1F50E /* FinanceTrackerUITests.xctest */,
				C68EEE0F2FD7C7E8003C4FD6 /* SageKit.framework */,
				C6ED82B83053ADE3004DE5F2 /* FinanceTrackerWatch Watch App.app */,
				C61109060000000000000002 /* FinanceTrackerWatchWidget.appex */,
			);
			name = Products;
			sourceTree = "<group>";
		};
		C6B09FD12E92CF5200899162 /* Frameworks */ = {
			isa = PBXGroup;
			children = (
				C673106B2FD4932500A4C432 /* AppIntents.framework */,
				C6B09FD22E92CF5200899162 /* WidgetKit.framework */,
				C6B09FD42E92CF5200899162 /* SwiftUI.framework */,
			);
			name = Frameworks;
			sourceTree = "<group>";
		};
/* End PBXGroup section */

/* Begin PBXHeadersBuildPhase section */
		C68EEE0A2FD7C7E8003C4FD6 /* Headers */ = {
			isa = PBXHeadersBuildPhase;
			buildActionMask = 2147483647;
			files = (
			);
			runOnlyForDeploymentPostprocessing = 0;
		};
/* End PBXHeadersBuildPhase section */

/* Begin PBXNativeTarget section */
		C61109060000000000000004 /* FinanceTrackerWatchWidget */ = {
			isa = PBXNativeTarget;
			buildConfigurationList = C6110906000000000000000D /* Build configuration list for PBXNativeTarget "FinanceTrackerWatchWidget" */;
			buildPhases = (
				C6110906000000000000000E /* Sources */,
				C6110906000000000000000C /* Frameworks */,
				C6110906000000000000000F /* Resources */,
			);
			buildRules = (
			);
			dependencies = (
			);
			fileSystemSynchronizedGroups = (
				C6110906000000000000000A /* FinanceTrackerWatchWidget */,
				C6110906000000000000000B /* WatchShared */,
			);
			name = FinanceTrackerWatchWidget;
			productName = FinanceTrackerWatchWidget;
			productReference = C61109060000000000000002 /* FinanceTrackerWatchWidget.appex */;
			productType = "com.apple.product-type.app-extension";
		};
		C62400062FFF002400000006 /* FinanceTrackerTests */ = {
			isa = PBXNativeTarget;
			buildConfigurationList = C624000C2FFF00240000000C /* Build configuration list for PBXNativeTarget "FinanceTrackerTests" */;
			buildPhases = (
				C62400082FFF002400000008 /* Sources */,
				C62400052FFF002400000005 /* Frameworks */,
				C62400072FFF002400000007 /* Resources */,
			);
			buildRules = (
			);
			dependencies = (
				C62400092FFF002400000009 /* PBXTargetDependency */,
			);
			fileSystemSynchronizedGroups = (
				C62400042FFF002400000004 /* FinanceTrackerTests */,
			);
			name = FinanceTrackerTests;
			packageProductDependencies = (
			);
			productName = FinanceTrackerTests;
			productReference = C62400032FFF002400000003 /* FinanceTrackerTests.xctest */;
			productType = "com.apple.product-type.bundle.unit-test";
		};
		C655B3AB2EF8E4B300E1F50E /* FinanceTrackerUITests */ = {
			isa = PBXNativeTarget;
			buildConfigurationList = C655B3B42EF8E4B300E1F50E /* Build configuration list for PBXNativeTarget "FinanceTrackerUITests" */;
			buildPhases = (
				C655B3A82EF8E4B300E1F50E /* Sources */,
				C655B3A92EF8E4B300E1F50E /* Frameworks */,
				C655B3AA2EF8E4B300E1F50E /* Resources */,
			);
			buildRules = (
			);
			dependencies = (
				C655B3B32EF8E4B300E1F50E /* PBXTargetDependency */,
				C62200032FFD000100000022 /* PBXTargetDependency */,
			);
			fileSystemSynchronizedGroups = (
				C655B3AD2EF8E4B300E1F50E /* FinanceTrackerUITests */,
			);
			name = FinanceTrackerUITests;
			packageProductDependencies = (
			);
			productName = FinanceTrackerUITests;
			productReference = C655B3AC2EF8E4B300E1F50E /* FinanceTrackerUITests.xctest */;
			productType = "com.apple.product-type.bundle.ui-testing";
		};
		C66031C52E8073C60078DD15 /* FinanceTracker */ = {
			isa = PBXNativeTarget;
			buildConfigurationList = C66031D32E8073C70078DD15 /* Build configuration list for PBXNativeTarget "FinanceTracker" */;
			buildPhases = (
				C66031C22E8073C60078DD15 /* Sources */,
				C66031C32E8073C60078DD15 /* Frameworks */,
				C66031C42E8073C60078DD15 /* Resources */,
				C6B09FE92E92CF5400899162 /* Embed Foundation Extensions */,
				C68EEE1A2FD7C7E8003C4FD6 /* Embed Frameworks */,
				C6ED82C63053ADE4004DE5F2 /* Embed Watch Content */,
			);
			buildRules = (
			);
			dependencies = (
				C6B09FE32E92CF5400899162 /* PBXTargetDependency */,
				C68EEE142FD7C7E8003C4FD6 /* PBXTargetDependency */,
				C6ED82C13053ADE4004DE5F2 /* PBXTargetDependency */,
			);
			fileSystemSynchronizedGroups = (
				C66031C82E8073C60078DD15 /* FinanceTracker */,
			);
			name = FinanceTracker;
			packageProductDependencies = (
			);
			productName = FinanceTracker;
			productReference = C66031C62E8073C60078DD15 /* Sage.app */;
			productType = "com.apple.product-type.application";
		};
		C68EEE0E2FD7C7E8003C4FD6 /* SageKit */ = {
			isa = PBXNativeTarget;
			buildConfigurationList = C68EEE172FD7C7E8003C4FD6 /* Build configuration list for PBXNativeTarget "SageKit" */;
			buildPhases = (
				C68EEE0A2FD7C7E8003C4FD6 /* Headers */,
				C68EEE0B2FD7C7E8003C4FD6 /* Sources */,
				C68EEE0C2FD7C7E8003C4FD6 /* Frameworks */,
				C68EEE0D2FD7C7E8003C4FD6 /* Resources */,
			);
			buildRules = (
			);
			dependencies = (
			);
			fileSystemSynchronizedGroups = (
				C68EEE102FD7C7E8003C4FD6 /* SageKit */,
			);
			name = SageKit;
			packageProductDependencies = (
			);
			productName = SageKit;
			productReference = C68EEE0F2FD7C7E8003C4FD6 /* SageKit.framework */;
			productType = "com.apple.product-type.framework";
		};
		C6B09FCF2E92CF5200899162 /* FinanceTrackerWidgetExtension */ = {
			isa = PBXNativeTarget;
			buildConfigurationList = C6B09FE62E92CF5400899162 /* Build configuration list for PBXNativeTarget "FinanceTrackerWidgetExtension" */;
			buildPhases = (
				C6B09FCC2E92CF5200899162 /* Sources */,
				C6B09FCD2E92CF5200899162 /* Frameworks */,
				C6B09FCE2E92CF5200899162 /* Resources */,
				C68EEE232FD7C812003C4FD6 /* Embed Frameworks */,
			);
			buildRules = (
			);
			dependencies = (
				C68EEE222FD7C812003C4FD6 /* PBXTargetDependency */,
			);
			fileSystemSynchronizedGroups = (
				C6B09FD62E92CF5200899162 /* FinanceTrackerWidget */,
			);
			name = FinanceTrackerWidgetExtension;
			packageProductDependencies = (
			);
			productName = FinanceTrackerWidgetExtension;
			productReference = C6B09FD02E92CF5200899162 /* FinanceTrackerWidgetExtension.appex */;
			productType = "com.apple.product-type.app-extension";
		};
		C6ED82B73053ADE3004DE5F2 /* FinanceTrackerWatch Watch App */ = {
			isa = PBXNativeTarget;
			buildConfigurationList = C6ED82C33053ADE4004DE5F2 /* Build configuration list for PBXNativeTarget "FinanceTrackerWatch Watch App" */;
			buildPhases = (
				C6ED82B43053ADE3004DE5F2 /* Sources */,
				C6ED82B53053ADE3004DE5F2 /* Frameworks */,
				C6ED82B63053ADE3004DE5F2 /* Resources */,
				C61109060000000000000005 /* Embed Watch App Extensions */,
			);
			buildRules = (
			);
			dependencies = (
				C61109060000000000000010 /* PBXTargetDependency */,
			);
			fileSystemSynchronizedGroups = (
				C6110906000000000000000B /* WatchShared */,
				C6ED82B93053ADE3004DE5F2 /* FinanceTrackerWatch Watch App */,
			);
			name = "FinanceTrackerWatch Watch App";
			packageProductDependencies = (
			);
			productName = "FinanceTrackerWatch Watch App";
			productReference = C6ED82B83053ADE3004DE5F2 /* FinanceTrackerWatch Watch App.app */;
			productType = "com.apple.product-type.application";
		};
/* End PBXNativeTarget section */

/* Begin PBXProject section */
		C66031BE2E8073C60078DD15 /* Project object */ = {
			isa = PBXProject;
			attributes = {
				BuildIndependentTargetsInParallel = 1;
				LastSwiftUpdateCheck = 2700;
				LastUpgradeCheck = 2700;
				TargetAttributes = {
					C62400062FFF002400000006 = {
						CreatedOnToolsVersion = 26.5;
					};
					C655B3AB2EF8E4B300E1F50E = {
						CreatedOnToolsVersion = 26.0;
						TestTargetID = C66031C52E8073C60078DD15;
					};
					C66031C52E8073C60078DD15 = {
						CreatedOnToolsVersion = 26.0;
					};
					C68EEE0E2FD7C7E8003C4FD6 = {
						CreatedOnToolsVersion = 27.0;
					};
					C6B09FCF2E92CF5200899162 = {
						CreatedOnToolsVersion = 26.0;
					};
					C6ED82B73053ADE3004DE5F2 = {
						CreatedOnToolsVersion = 27.0;
					};
				};
			};
			buildConfigurationList = C66031C12E8073C60078DD15 /* Build configuration list for PBXProject "FinanceTracker" */;
			developmentRegion = en;
			hasScannedForEncodings = 0;
			knownRegions = (
				en,
				Base,
				de,
			);
			mainGroup = C66031BD2E8073C60078DD15;
			minimizedProjectReferenceProxies = 1;
			packageReferences = (
			);
			preferredProjectObjectVersion = 77;
			productRefGroup = C66031C72E8073C60078DD15 /* Products */;
			projectDirPath = "";
			projectRoot = "";
			targets = (
				C66031C52E8073C60078DD15 /* FinanceTracker */,
				C6B09FCF2E92CF5200899162 /* FinanceTrackerWidgetExtension */,
				C62400062FFF002400000006 /* FinanceTrackerTests */,
				C655B3AB2EF8E4B300E1F50E /* FinanceTrackerUITests */,
				C68EEE0E2FD7C7E8003C4FD6 /* SageKit */,
				C6ED82B73053ADE3004DE5F2 /* FinanceTrackerWatch Watch App */,
				C61109060000000000000004 /* FinanceTrackerWatchWidget */,
			);
		};
/* End PBXProject section */

/* Begin PBXResourcesBuildPhase section */
		C6110906000000000000000F /* Resources */ = {
			isa = PBXResourcesBuildPhase;
			buildActionMask = 2147483647;
			files = (
			);
			runOnlyForDeploymentPostprocessing = 0;
		};
		C62400072FFF002400000007 /* Resources */ = {
			isa = PBXResourcesBuildPhase;
			buildActionMask = 2147483647;
			files = (
			);
			runOnlyForDeploymentPostprocessing = 0;
		};
		C655B3AA2EF8E4B300E1F50E /* Resources */ = {
			isa = PBXResourcesBuildPhase;
			buildActionMask = 2147483647;
			files = (
			);
			runOnlyForDeploymentPostprocessing = 0;
		};
		C66031C42E8073C60078DD15 /* Resources */ = {
			isa = PBXResourcesBuildPhase;
			buildActionMask = 2147483647;
			files = (
				C62509062FFF002400000001 /* THIRD_PARTY_NOTICES.md in Resources */,
			);
			runOnlyForDeploymentPostprocessing = 0;
		};
		C68EEE0D2FD7C7E8003C4FD6 /* Resources */ = {
			isa = PBXResourcesBuildPhase;
			buildActionMask = 2147483647;
			files = (
			);
			runOnlyForDeploymentPostprocessing = 0;
		};
		C6B09FCE2E92CF5200899162 /* Resources */ = {
			isa = PBXResourcesBuildPhase;
			buildActionMask = 2147483647;
			files = (
			);
			runOnlyForDeploymentPostprocessing = 0;
		};
		C6ED82B63053ADE3004DE5F2 /* Resources */ = {
			isa = PBXResourcesBuildPhase;
			buildActionMask = 2147483647;
			files = (
			);
			runOnlyForDeploymentPostprocessing = 0;
		};
/* End PBXResourcesBuildPhase section */

/* Begin PBXSourcesBuildPhase section */
		C6110906000000000000000E /* Sources */ = {
			isa = PBXSourcesBuildPhase;
			buildActionMask = 2147483647;
			files = (
			);
			runOnlyForDeploymentPostprocessing = 0;
		};
		C62400082FFF002400000008 /* Sources */ = {
			isa = PBXSourcesBuildPhase;
			buildActionMask = 2147483647;
			files = (
			);
			runOnlyForDeploymentPostprocessing = 0;
		};
		C655B3A82EF8E4B300E1F50E /* Sources */ = {
			isa = PBXSourcesBuildPhase;
			buildActionMask = 2147483647;
			files = (
			);
			runOnlyForDeploymentPostprocessing = 0;
		};
		C66031C22E8073C60078DD15 /* Sources */ = {
			isa = PBXSourcesBuildPhase;
			buildActionMask = 2147483647;
			files = (
			);
			runOnlyForDeploymentPostprocessing = 0;
		};
		C68EEE0B2FD7C7E8003C4FD6 /* Sources */ = {
			isa = PBXSourcesBuildPhase;
			buildActionMask = 2147483647;
			files = (
			);
			runOnlyForDeploymentPostprocessing = 0;
		};
		C6B09FCC2E92CF5200899162 /* Sources */ = {
			isa = PBXSourcesBuildPhase;
			buildActionMask = 2147483647;
			files = (
			);
			runOnlyForDeploymentPostprocessing = 0;
		};
		C6ED82B43053ADE3004DE5F2 /* Sources */ = {
			isa = PBXSourcesBuildPhase;
			buildActionMask = 2147483647;
			files = (
			);
			runOnlyForDeploymentPostprocessing = 0;
		};
/* End PBXSourcesBuildPhase section */

/* Begin PBXTargetDependency section */
		C61109060000000000000010 /* PBXTargetDependency */ = {
			isa = PBXTargetDependency;
			target = C61109060000000000000004 /* FinanceTrackerWatchWidget */;
			targetProxy = C61109060000000000000003 /* PBXContainerItemProxy */;
		};
		C62200032FFD000100000022 /* PBXTargetDependency */ = {
			isa = PBXTargetDependency;
			platformFilter = ios;
			target = C68EEE0E2FD7C7E8003C4FD6 /* SageKit */;
			targetProxy = C62200022FFD000100000022 /* PBXContainerItemProxy */;
		};
		C62400092FFF002400000009 /* PBXTargetDependency */ = {
			isa = PBXTargetDependency;
			platformFilter = ios;
			target = C68EEE0E2FD7C7E8003C4FD6 /* SageKit */;
			targetProxy = C62400022FFF002400000002 /* PBXContainerItemProxy */;
		};
		C655B3B32EF8E4B300E1F50E /* PBXTargetDependency */ = {
			isa = PBXTargetDependency;
			target = C66031C52E8073C60078DD15 /* FinanceTracker */;
			targetProxy = C655B3B22EF8E4B300E1F50E /* PBXContainerItemProxy */;
		};
		C68EEE142FD7C7E8003C4FD6 /* PBXTargetDependency */ = {
			isa = PBXTargetDependency;
			target = C68EEE0E2FD7C7E8003C4FD6 /* SageKit */;
			targetProxy = C68EEE132FD7C7E8003C4FD6 /* PBXContainerItemProxy */;
		};
		C68EEE222FD7C812003C4FD6 /* PBXTargetDependency */ = {
			isa = PBXTargetDependency;
			target = C68EEE0E2FD7C7E8003C4FD6 /* SageKit */;
			targetProxy = C68EEE212FD7C812003C4FD6 /* PBXContainerItemProxy */;
		};
		C6B09FE32E92CF5400899162 /* PBXTargetDependency */ = {
			isa = PBXTargetDependency;
			target = C6B09FCF2E92CF5200899162 /* FinanceTrackerWidgetExtension */;
			targetProxy = C6B09FE22E92CF5400899162 /* PBXContainerItemProxy */;
		};
		C6ED82C13053ADE4004DE5F2 /* PBXTargetDependency */ = {
			isa = PBXTargetDependency;
			target = C6ED82B73053ADE3004DE5F2 /* FinanceTrackerWatch Watch App */;
			targetProxy = C6ED82C03053ADE4004DE5F2 /* PBXContainerItemProxy */;
		};
/* End PBXTargetDependency section */

/* Begin XCBuildConfiguration section */
		C61109060000000000000011 /* Debug */ = {
			isa = XCBuildConfiguration;
			buildSettings = {
				APPLICATION_EXTENSION_API_ONLY = YES;
				CODE_SIGN_ENTITLEMENTS = WatchShared/Watch.entitlements;
				CODE_SIGN_STYLE = Automatic;
				CURRENT_PROJECT_VERSION = 5;
				DEVELOPMENT_TEAM = 2XM9FQAP3J;
				GENERATE_INFOPLIST_FILE = YES;
				INFOPLIST_FILE = FinanceTrackerWatchWidget/Info.plist;
				INFOPLIST_KEY_CFBundleDisplayName = "Syl Monthly Spending";
				LD_RUNPATH_SEARCH_PATHS = (
					"$(inherited)",
					"@executable_path/Frameworks",
					"@executable_path/../../Frameworks",
				);
				MARKETING_VERSION = 1.0;
				PRODUCT_BUNDLE_IDENTIFIER = "me.enzottic.FinanceTracker-debug.watchkitapp.widget";
				PRODUCT_NAME = "$(TARGET_NAME)";
				SDKROOT = watchos;
				SKIP_INSTALL = YES;
				SUPPORTED_PLATFORMS = "watchos watchsimulator";
				SWIFT_VERSION = 5.0;
				TARGETED_DEVICE_FAMILY = 4;
				WATCHOS_DEPLOYMENT_TARGET = 26.5;
				WATCH_APP_GROUP = group.me.enzottic.SageAppGroup.dev;
			};
			name = Debug;
		};
		C61109060000000000000012 /* Release */ = {
			isa = XCBuildConfiguration;
			buildSettings = {
				APPLICATION_EXTENSION_API_ONLY = YES;
				CODE_SIGN_ENTITLEMENTS = WatchShared/Watch.entitlements;
				CODE_SIGN_STYLE = Automatic;
				CURRENT_PROJECT_VERSION = 5;
				DEVELOPMENT_TEAM = 2XM9FQAP3J;
				GENERATE_INFOPLIST_FILE = YES;
				INFOPLIST_FILE = FinanceTrackerWatchWidget/Info.plist;
				INFOPLIST_KEY_CFBundleDisplayName = "Syl Monthly Spending";
				LD_RUNPATH_SEARCH_PATHS = (
					"$(inherited)",
					"@executable_path/Frameworks",
					"@executable_path/../../Frameworks",
				);
				MARKETING_VERSION = 1.0;
				PRODUCT_BUNDLE_IDENTIFIER = me.enzottic.FinanceTracker.watchkitapp.widget;
				PRODUCT_NAME = "$(TARGET_NAME)";
				SDKROOT = watchos;
				SKIP_INSTALL = YES;
				SUPPORTED_PLATFORMS = "watchos watchsimulator";
				SWIFT_VERSION = 5.0;
				TARGETED_DEVICE_FAMILY = 4;
				WATCHOS_DEPLOYMENT_TARGET = 26.5;
				WATCH_APP_GROUP = group.me.enzottic.SageAppGroup;
			};
			name = Release;
		};
		C624000A2FFF00240000000A /* Debug */ = {
			isa = XCBuildConfiguration;
			buildSettings = {
				CODE_SIGN_STYLE = Automatic;
				CURRENT_PROJECT_VERSION = 1;
				DEVELOPMENT_TEAM = 2XM9FQAP3J;
				GENERATE_INFOPLIST_FILE = YES;
				IPHONEOS_DEPLOYMENT_TARGET = 26.0;
				LD_RUNPATH_SEARCH_PATHS = (
					"$(inherited)",
					"@executable_path/Frameworks",
					"@loader_path/Frameworks",
				);
				PRODUCT_BUNDLE_IDENTIFIER = me.enzottic.FinanceTrackerTests;
				PRODUCT_NAME = "$(TARGET_NAME)";
				STRING_CATALOG_GENERATE_SYMBOLS = NO;
				SUPPORTED_PLATFORMS = "iphoneos iphonesimulator";
				SUPPORTS_MACCATALYST = NO;
				SUPPORTS_MAC_DESIGNED_FOR_IPHONE_IPAD = NO;
				SUPPORTS_XR_DESIGNED_FOR_IPHONE_IPAD = NO;
				SWIFT_APPROACHABLE_CONCURRENCY = YES;
				SWIFT_EMIT_LOC_STRINGS = NO;
				SWIFT_UPCOMING_FEATURE_MEMBER_IMPORT_VISIBILITY = YES;
				SWIFT_VERSION = 5.0;
				TARGETED_DEVICE_FAMILY = "1,2";
			};
			name = Debug;
		};
		C624000B2FFF00240000000B /* Release */ = {
			isa = XCBuildConfiguration;
			buildSettings = {
				CODE_SIGN_STYLE = Automatic;
				CURRENT_PROJECT_VERSION = 1;
				DEVELOPMENT_TEAM = 2XM9FQAP3J;
				GENERATE_INFOPLIST_FILE = YES;
				IPHONEOS_DEPLOYMENT_TARGET = 26.0;
				LD_RUNPATH_SEARCH_PATHS = (
					"$(inherited)",
					"@executable_path/Frameworks",
					"@loader_path/Frameworks",
				);
				PRODUCT_BUNDLE_IDENTIFIER = me.enzottic.FinanceTrackerTests;
				PRODUCT_NAME = "$(TARGET_NAME)";
				STRING_CATALOG_GENERATE_SYMBOLS = NO;
				SUPPORTED_PLATFORMS = "iphoneos iphonesimulator";
				SUPPORTS_MACCATALYST = NO;
				SUPPORTS_MAC_DESIGNED_FOR_IPHONE_IPAD = NO;
				SUPPORTS_XR_DESIGNED_FOR_IPHONE_IPAD = NO;
				SWIFT_APPROACHABLE_CONCURRENCY = YES;
				SWIFT_EMIT_LOC_STRINGS = NO;
				SWIFT_UPCOMING_FEATURE_MEMBER_IMPORT_VISIBILITY = YES;
				SWIFT_VERSION = 5.0;
				TARGETED_DEVICE_FAMILY = "1,2";
			};
			name = Release;
		};
		C655B3B52EF8E4B300E1F50E /* Debug */ = {
			isa = XCBuildConfiguration;
			buildSettings = {
				CODE_SIGN_STYLE = Automatic;
				CURRENT_PROJECT_VERSION = 1;
				DEVELOPMENT_TEAM = 2XM9FQAP3J;
				GENERATE_INFOPLIST_FILE = YES;
				IPHONEOS_DEPLOYMENT_TARGET = 26.0;
				MARKETING_VERSION = 1.0;
				PRODUCT_BUNDLE_IDENTIFIER = me.enzottic.FinanceTrackerUITests;
				PRODUCT_NAME = "$(TARGET_NAME)";
				STRING_CATALOG_GENERATE_SYMBOLS = NO;
				SUPPORTED_PLATFORMS = "iphoneos iphonesimulator";
				SUPPORTS_MACCATALYST = YES;
				SUPPORTS_MAC_DESIGNED_FOR_IPHONE_IPAD = NO;
				SUPPORTS_XR_DESIGNED_FOR_IPHONE_IPAD = NO;
				SWIFT_APPROACHABLE_CONCURRENCY = YES;
				SWIFT_EMIT_LOC_STRINGS = NO;
				SWIFT_UPCOMING_FEATURE_MEMBER_IMPORT_VISIBILITY = YES;
				SWIFT_VERSION = 5.0;
				TARGETED_DEVICE_FAMILY = "1,2";
				TEST_TARGET_NAME = FinanceTracker;
			};
			name = Debug;
		};
		C655B3B62EF8E4B300E1F50E /* Release */ = {
			isa = XCBuildConfiguration;
			buildSettings = {
				CODE_SIGN_STYLE = Automatic;
				CURRENT_PROJECT_VERSION = 1;
				DEVELOPMENT_TEAM = 2XM9FQAP3J;
				GENERATE_INFOPLIST_FILE = YES;
				IPHONEOS_DEPLOYMENT_TARGET = 26.0;
				MARKETING_VERSION = 1.0;
				PRODUCT_BUNDLE_IDENTIFIER = me.enzottic.FinanceTrackerUITests;
				PRODUCT_NAME = "$(TARGET_NAME)";
				STRING_CATALOG_GENERATE_SYMBOLS = NO;
				SUPPORTED_PLATFORMS = "iphoneos iphonesimulator";
				SUPPORTS_MACCATALYST = YES;
				SUPPORTS_MAC_DESIGNED_FOR_IPHONE_IPAD = NO;
				SUPPORTS_XR_DESIGNED_FOR_IPHONE_IPAD = NO;
				SWIFT_APPROACHABLE_CONCURRENCY = YES;
				SWIFT_EMIT_LOC_STRINGS = NO;
				SWIFT_UPCOMING_FEATURE_MEMBER_IMPORT_VISIBILITY = YES;
				SWIFT_VERSION = 5.0;
				TARGETED_DEVICE_FAMILY = "1,2";
				TEST_TARGET_NAME = FinanceTracker;
			};
			name = Release;
		};
		C66031D12E8073C70078DD15 /* Debug */ = {
			isa = XCBuildConfiguration;
			buildSettings = {
				ALWAYS_SEARCH_USER_PATHS = NO;
				ASSETCATALOG_COMPILER_GENERATE_SWIFT_ASSET_SYMBOL_EXTENSIONS = YES;
				CLANG_ANALYZER_NONNULL = YES;
				CLANG_ANALYZER_NUMBER_OBJECT_CONVERSION = YES_AGGRESSIVE;
				CLANG_CXX_LANGUAGE_STANDARD = "gnu++20";
				CLANG_ENABLE_MODULES = YES;
				CLANG_ENABLE_OBJC_ARC = YES;
				CLANG_ENABLE_OBJC_WEAK = YES;
				CLANG_WARN_BLOCK_CAPTURE_AUTORELEASING = YES;
				CLANG_WARN_BOOL_CONVERSION = YES;
				CLANG_WARN_COMMA = YES;
				CLANG_WARN_CONSTANT_CONVERSION = YES;
				CLANG_WARN_DEPRECATED_OBJC_IMPLEMENTATIONS = YES;
				CLANG_WARN_DIRECT_OBJC_ISA_USAGE = YES_ERROR;
				CLANG_WARN_DOCUMENTATION_COMMENTS = YES;
				CLANG_WARN_EMPTY_BODY = YES;
				CLANG_WARN_ENUM_CONVERSION = YES;
				CLANG_WARN_INFINITE_RECURSION = YES;
				CLANG_WARN_INT_CONVERSION = YES;
				CLANG_WARN_NON_LITERAL_NULL_CONVERSION = YES;
				CLANG_WARN_OBJC_IMPLICIT_RETAIN_SELF = YES;
				CLANG_WARN_OBJC_LITERAL_CONVERSION = YES;
				CLANG_WARN_OBJC_ROOT_CLASS = YES_ERROR;
				CLANG_WARN_QUOTED_INCLUDE_IN_FRAMEWORK_HEADER = YES;
				CLANG_WARN_RANGE_LOOP_ANALYSIS = YES;
				CLANG_WARN_STRICT_PROTOTYPES = YES;
				CLANG_WARN_SUSPICIOUS_MOVE = YES;
				CLANG_WARN_UNGUARDED_AVAILABILITY = YES_AGGRESSIVE;
				CLANG_WARN_UNREACHABLE_CODE = YES;
				CLANG_WARN__DUPLICATE_METHOD_MATCH = YES;
				COPY_PHASE_STRIP = NO;
				DEBUG_INFORMATION_FORMAT = dwarf;
				DEVELOPMENT_TEAM = 2XM9FQAP3J;
				ENABLE_STRICT_OBJC_MSGSEND = YES;
				ENABLE_TESTABILITY = YES;
				ENABLE_USER_SCRIPT_SANDBOXING = YES;
				GCC_C_LANGUAGE_STANDARD = gnu17;
				GCC_DYNAMIC_NO_PIC = NO;
				GCC_NO_COMMON_BLOCKS = YES;
				GCC_OPTIMIZATION_LEVEL = 0;
				GCC_PREPROCESSOR_DEFINITIONS = (
					"DEBUG=1",
					"$(inherited)",
				);
				GCC_WARN_64_TO_32_BIT_CONVERSION = YES;
				GCC_WARN_ABOUT_RETURN_TYPE = YES_ERROR;
				GCC_WARN_UNDECLARED_SELECTOR = YES;
				GCC_WARN_UNINITIALIZED_AUTOS = YES_AGGRESSIVE;
				GCC_WARN_UNUSED_FUNCTION = YES;
				GCC_WARN_UNUSED_VARIABLE = YES;
				IPHONEOS_DEPLOYMENT_TARGET = 26.0;
				LOCALIZATION_PREFERS_STRING_CATALOGS = YES;
				MTL_ENABLE_DEBUG_INFO = INCLUDE_SOURCE;
				MTL_FAST_MATH = YES;
				ONLY_ACTIVE_ARCH = YES;
				SDKROOT = iphoneos;
				STRING_CATALOG_GENERATE_SYMBOLS = YES;
				SWIFT_ACTIVE_COMPILATION_CONDITIONS = "DEBUG $(inherited)";
				SWIFT_EMIT_LOC_STRINGS = YES;
				SWIFT_OPTIMIZATION_LEVEL = "-Onone";
			};
			name = Debug;
		};
		C66031D22E8073C70078DD15 /* Release */ = {
			isa = XCBuildConfiguration;
			buildSettings = {
				ALWAYS_SEARCH_USER_PATHS = NO;
				ASSETCATALOG_COMPILER_GENERATE_SWIFT_ASSET_SYMBOL_EXTENSIONS = YES;
				CLANG_ANALYZER_NONNULL = YES;
				CLANG_ANALYZER_NUMBER_OBJECT_CONVERSION = YES_AGGRESSIVE;
				CLANG_CXX_LANGUAGE_STANDARD = "gnu++20";
				CLANG_ENABLE_MODULES = YES;
				CLANG_ENABLE_OBJC_ARC = YES;
				CLANG_ENABLE_OBJC_WEAK = YES;
				CLANG_WARN_BLOCK_CAPTURE_AUTORELEASING = YES;
				CLANG_WARN_BOOL_CONVERSION = YES;
				CLANG_WARN_COMMA = YES;
				CLANG_WARN_CONSTANT_CONVERSION = YES;
				CLANG_WARN_DEPRECATED_OBJC_IMPLEMENTATIONS = YES;
				CLANG_WARN_DIRECT_OBJC_ISA_USAGE = YES_ERROR;
				CLANG_WARN_DOCUMENTATION_COMMENTS = YES;
				CLANG_WARN_EMPTY_BODY = YES;
				CLANG_WARN_ENUM_CONVERSION = YES;
				CLANG_WARN_INFINITE_RECURSION = YES;
				CLANG_WARN_INT_CONVERSION = YES;
				CLANG_WARN_NON_LITERAL_NULL_CONVERSION = YES;
				CLANG_WARN_OBJC_IMPLICIT_RETAIN_SELF = YES;
				CLANG_WARN_OBJC_LITERAL_CONVERSION = YES;
				CLANG_WARN_OBJC_ROOT_CLASS = YES_ERROR;
				CLANG_WARN_QUOTED_INCLUDE_IN_FRAMEWORK_HEADER = YES;
				CLANG_WARN_RANGE_LOOP_ANALYSIS = YES;
				CLANG_WARN_STRICT_PROTOTYPES = YES;
				CLANG_WARN_SUSPICIOUS_MOVE = YES;
				CLANG_WARN_UNGUARDED_AVAILABILITY = YES_AGGRESSIVE;
				CLANG_WARN_UNREACHABLE_CODE = YES;
				CLANG_WARN__DUPLICATE_METHOD_MATCH = YES;
				COPY_PHASE_STRIP = NO;
				DEBUG_INFORMATION_FORMAT = "dwarf-with-dsym";
				DEVELOPMENT_TEAM = 2XM9FQAP3J;
				ENABLE_NS_ASSERTIONS = NO;
				ENABLE_STRICT_OBJC_MSGSEND = YES;
				ENABLE_USER_SCRIPT_SANDBOXING = YES;
				GCC_C_LANGUAGE_STANDARD = gnu17;
				GCC_NO_COMMON_BLOCKS = YES;
				GCC_WARN_64_TO_32_BIT_CONVERSION = YES;
				GCC_WARN_ABOUT_RETURN_TYPE = YES_ERROR;
				GCC_WARN_UNDECLARED_SELECTOR = YES;
				GCC_WARN_UNINITIALIZED_AUTOS = YES_AGGRESSIVE;
				GCC_WARN_UNUSED_FUNCTION = YES;
				GCC_WARN_UNUSED_VARIABLE = YES;
				IPHONEOS_DEPLOYMENT_TARGET = 26.0;
				LOCALIZATION_PREFERS_STRING_CATALOGS = YES;
				MTL_ENABLE_DEBUG_INFO = NO;
				MTL_FAST_MATH = YES;
				SDKROOT = iphoneos;
				STRING_CATALOG_GENERATE_SYMBOLS = YES;
				SWIFT_COMPILATION_MODE = wholemodule;
				SWIFT_EMIT_LOC_STRINGS = YES;
				VALIDATE_PRODUCT = YES;
			};
			name = Release;
		};
		C66031D42E8073C70078DD15 /* Debug */ = {
			isa = XCBuildConfiguration;
			buildSettings = {
				ASSETCATALOG_COMPILER_APPICON_NAME = "FinanceApp-Dev";
				ASSETCATALOG_COMPILER_GLOBAL_ACCENT_COLOR_NAME = AccentColor;
				CODE_SIGN_ENTITLEMENTS = "FinanceTracker/FinanceTracker-Dev.entitlements";
				CODE_SIGN_IDENTITY = "Apple Development";
				CODE_SIGN_STYLE = Automatic;
				CURRENT_PROJECT_VERSION = 5;
				DEVELOPMENT_TEAM = 2XM9FQAP3J;
				ENABLE_APP_SANDBOX = YES;
				ENABLE_HARDENED_RUNTIME = YES;
				ENABLE_OUTGOING_NETWORK_CONNECTIONS = YES;
				ENABLE_PREVIEWS = YES;
				ENABLE_RESOURCE_ACCESS_CAMERA = YES;
				GENERATE_INFOPLIST_FILE = YES;
				INFOPLIST_FILE = FinanceTracker/Info.plist;
				INFOPLIST_KEY_CFBundleDisplayName = Syl;
				INFOPLIST_KEY_LSApplicationCategoryType = "public.app-category.finance";
				INFOPLIST_KEY_LSSupportsOpeningDocumentsInPlace = YES;
				INFOPLIST_KEY_NSCameraUsageDescription = "Syl uses the camera to photograph receipts and add expenses automatically.";
				INFOPLIST_KEY_NSPhotoLibraryUsageDescription = "Syl shows your photos so you can pick a receipt to add as an expense.";
				INFOPLIST_KEY_UIApplicationSceneManifest_Generation = YES;
				INFOPLIST_KEY_UIApplicationSupportsIndirectInputEvents = YES;
				INFOPLIST_KEY_UILaunchScreen_Generation = YES;
				INFOPLIST_KEY_UILaunchStoryboardName = "Launch Screen.storyboard";
				INFOPLIST_KEY_UISupportedInterfaceOrientations_iPad = "UIInterfaceOrientationPortrait UIInterfaceOrientationPortraitUpsideDown UIInterfaceOrientationLandscapeLeft UIInterfaceOrientationLandscapeRight";
				INFOPLIST_KEY_UISupportedInterfaceOrientations_iPhone = UIInterfaceOrientationPortrait;
				IPHONEOS_DEPLOYMENT_TARGET = 26.0;
				LD_RUNPATH_SEARCH_PATHS = (
					"$(inherited)",
					"@executable_path/Frameworks",
				);
				MARKETING_VERSION = 1.0;
				PRODUCT_BUNDLE_IDENTIFIER = "me.enzottic.FinanceTracker-debug";
				PRODUCT_NAME = Sage;
				PROVISIONING_PROFILE_SPECIFIER = "";
				REGISTER_APP_GROUPS = YES;
				STRING_CATALOG_GENERATE_SYMBOLS = YES;
				SUPPORTED_PLATFORMS = "iphoneos iphonesimulator";
				SUPPORTS_MACCATALYST = NO;
				SUPPORTS_MAC_DESIGNED_FOR_IPHONE_IPAD = YES;
				SUPPORTS_XR_DESIGNED_FOR_IPHONE_IPAD = NO;
				SWIFT_APPROACHABLE_CONCURRENCY = YES;
				SWIFT_DEFAULT_ACTOR_ISOLATION = MainActor;
				SWIFT_EMIT_LOC_STRINGS = YES;
				SWIFT_UPCOMING_FEATURE_MEMBER_IMPORT_VISIBILITY = YES;
				SWIFT_VERSION = 5.0;
				TARGETED_DEVICE_FAMILY = "1,2";
				URL_SCHEME = "sage-dev";
			};
			name = Debug;
		};
		C66031D52E8073C70078DD15 /* Release */ = {
			isa = XCBuildConfiguration;
			buildSettings = {
				ASSETCATALOG_COMPILER_APPICON_NAME = FinanceApp;
				ASSETCATALOG_COMPILER_GLOBAL_ACCENT_COLOR_NAME = AccentColor;
				CODE_SIGN_ENTITLEMENTS = FinanceTracker/FinanceTracker.entitlements;
				CODE_SIGN_IDENTITY = "Apple Development";
				CODE_SIGN_STYLE = Automatic;
				CURRENT_PROJECT_VERSION = 5;
				DEVELOPMENT_TEAM = 2XM9FQAP3J;
				ENABLE_APP_SANDBOX = YES;
				ENABLE_HARDENED_RUNTIME = YES;
				ENABLE_OUTGOING_NETWORK_CONNECTIONS = YES;
				ENABLE_PREVIEWS = YES;
				GENERATE_INFOPLIST_FILE = YES;
				INFOPLIST_FILE = FinanceTracker/Info.plist;
				INFOPLIST_KEY_CFBundleDisplayName = Syl;
				INFOPLIST_KEY_LSApplicationCategoryType = "public.app-category.finance";
				INFOPLIST_KEY_LSSupportsOpeningDocumentsInPlace = YES;
				INFOPLIST_KEY_NSCameraUsageDescription = "Syl uses the camera to photograph receipts and add expenses automatically.";
				INFOPLIST_KEY_NSPhotoLibraryUsageDescription = "Syl shows your photos so you can pick a receipt to add as an expense.";
				INFOPLIST_KEY_UIApplicationSceneManifest_Generation = YES;
				INFOPLIST_KEY_UIApplicationSupportsIndirectInputEvents = YES;
				INFOPLIST_KEY_UILaunchScreen_Generation = YES;
				INFOPLIST_KEY_UILaunchStoryboardName = "Launch Screen.storyboard";
				INFOPLIST_KEY_UISupportedInterfaceOrientations_iPad = "UIInterfaceOrientationPortrait UIInterfaceOrientationPortraitUpsideDown UIInterfaceOrientationLandscapeLeft UIInterfaceOrientationLandscapeRight";
				INFOPLIST_KEY_UISupportedInterfaceOrientations_iPhone = UIInterfaceOrientationPortrait;
				IPHONEOS_DEPLOYMENT_TARGET = 26.0;
				LD_RUNPATH_SEARCH_PATHS = (
					"$(inherited)",
					"@executable_path/Frameworks",
				);
				MARKETING_VERSION = 1.0;
				PRODUCT_BUNDLE_IDENTIFIER = me.enzottic.FinanceTracker;
				PRODUCT_NAME = Sage;
				PROVISIONING_PROFILE_SPECIFIER = "";
				REGISTER_APP_GROUPS = YES;
				STRING_CATALOG_GENERATE_SYMBOLS = YES;
				SUPPORTED_PLATFORMS = "iphoneos iphonesimulator";
				SUPPORTS_MACCATALYST = NO;
				SUPPORTS_MAC_DESIGNED_FOR_IPHONE_IPAD = YES;
				SUPPORTS_XR_DESIGNED_FOR_IPHONE_IPAD = NO;
				SWIFT_ACTIVE_COMPILATION_CONDITIONS = PROD;
				SWIFT_APPROACHABLE_CONCURRENCY = YES;
				SWIFT_DEFAULT_ACTOR_ISOLATION = MainActor;
				SWIFT_EMIT_LOC_STRINGS = YES;
				SWIFT_UPCOMING_FEATURE_MEMBER_IMPORT_VISIBILITY = YES;
				SWIFT_VERSION = 5.0;
				TARGETED_DEVICE_FAMILY = "1,2";
				URL_SCHEME = sage;
			};
			name = Release;
		};
		C68EEE182FD7C7E8003C4FD6 /* Debug */ = {
			isa = XCBuildConfiguration;
			buildSettings = {
				BUILD_LIBRARY_FOR_DISTRIBUTION = YES;
				CODE_SIGN_IDENTITY = "";
				CODE_SIGN_STYLE = Automatic;
				CURRENT_PROJECT_VERSION = 1;
				DEVELOPMENT_TEAM = 2XM9FQAP3J;
				DYLIB_COMPATIBILITY_VERSION = 1;
				DYLIB_CURRENT_VERSION = 1;
				DYLIB_INSTALL_NAME_BASE = "@rpath";
				ENABLE_APP_SANDBOX = YES;
				ENABLE_HARDENED_RUNTIME = YES;
				ENABLE_MODULE_VERIFIER = YES;
				ENABLE_OUTGOING_NETWORK_CONNECTIONS = YES;
				GENERATE_INFOPLIST_FILE = YES;
				INFOPLIST_KEY_NSHumanReadableCopyright = "";
				INSTALL_PATH = "$(LOCAL_LIBRARY_DIR)/Frameworks";
				IPHONEOS_DEPLOYMENT_TARGET = 26.0;
				LD_RUNPATH_SEARCH_PATHS = (
					"$(inherited)",
					"@executable_path/Frameworks",
					"@loader_path/Frameworks",
				);
				MACH_O_TYPE = mh_dylib;
				MARKETING_VERSION = 1.0;
				MODULE_VERIFIER_SUPPORTED_LANGUAGES = "objective-c objective-c++";
				MODULE_VERIFIER_SUPPORTED_LANGUAGE_STANDARDS = "gnu17 gnu++20";
				PRODUCT_BUNDLE_IDENTIFIER = me.enzottic.SageKit;
				PRODUCT_NAME = "$(TARGET_NAME:c99extidentifier)";
				REGISTER_APP_GROUPS = YES;
				SKIP_INSTALL = YES;
				STRING_CATALOG_GENERATE_SYMBOLS = YES;
				SUPPORTED_PLATFORMS = "iphoneos iphonesimulator";
				SUPPORTS_MACCATALYST = NO;
				SUPPORTS_MAC_DESIGNED_FOR_IPHONE_IPAD = YES;
				SUPPORTS_XR_DESIGNED_FOR_IPHONE_IPAD = NO;
				SWIFT_APPROACHABLE_CONCURRENCY = YES;
				SWIFT_EMIT_LOC_STRINGS = YES;
				SWIFT_INSTALL_MODULE = YES;
				SWIFT_INSTALL_OBJC_HEADER = NO;
				SWIFT_UPCOMING_FEATURE_MEMBER_IMPORT_VISIBILITY = YES;
				SWIFT_VERSION = 5.0;
				TARGETED_DEVICE_FAMILY = "1,2";
				VERSIONING_SYSTEM = "apple-generic";
				VERSION_INFO_PREFIX = "";
			};
			name = Debug;
		};
		C68EEE192FD7C7E8003C4FD6 /* Release */ = {
			isa = XCBuildConfiguration;
			buildSettings = {
				BUILD_LIBRARY_FOR_DISTRIBUTION = YES;
				CODE_SIGN_IDENTITY = "";
				CODE_SIGN_STYLE = Automatic;
				CURRENT_PROJECT_VERSION = 1;
				DEVELOPMENT_TEAM = 2XM9FQAP3J;
				DYLIB_COMPATIBILITY_VERSION = 1;
				DYLIB_CURRENT_VERSION = 1;
				DYLIB_INSTALL_NAME_BASE = "@rpath";
				ENABLE_APP_SANDBOX = YES;
				ENABLE_HARDENED_RUNTIME = YES;
				ENABLE_MODULE_VERIFIER = YES;
				ENABLE_OUTGOING_NETWORK_CONNECTIONS = YES;
				GENERATE_INFOPLIST_FILE = YES;
				INFOPLIST_KEY_NSHumanReadableCopyright = "";
				INSTALL_PATH = "$(LOCAL_LIBRARY_DIR)/Frameworks";
				IPHONEOS_DEPLOYMENT_TARGET = 26.0;
				LD_RUNPATH_SEARCH_PATHS = (
					"$(inherited)",
					"@executable_path/Frameworks",
					"@loader_path/Frameworks",
				);
				MACH_O_TYPE = mh_dylib;
				MARKETING_VERSION = 1.0;
				MODULE_VERIFIER_SUPPORTED_LANGUAGES = "objective-c objective-c++";
				MODULE_VERIFIER_SUPPORTED_LANGUAGE_STANDARDS = "gnu17 gnu++20";
				PRODUCT_BUNDLE_IDENTIFIER = me.enzottic.SageKit;
				PRODUCT_NAME = "$(TARGET_NAME:c99extidentifier)";
				REGISTER_APP_GROUPS = YES;
				SKIP_INSTALL = YES;
				STRING_CATALOG_GENERATE_SYMBOLS = YES;
				SUPPORTED_PLATFORMS = "iphoneos iphonesimulator";
				SUPPORTS_MACCATALYST = NO;
				SUPPORTS_MAC_DESIGNED_FOR_IPHONE_IPAD = YES;
				SUPPORTS_XR_DESIGNED_FOR_IPHONE_IPAD = NO;
				SWIFT_APPROACHABLE_CONCURRENCY = YES;
				SWIFT_EMIT_LOC_STRINGS = YES;
				SWIFT_INSTALL_MODULE = YES;
				SWIFT_INSTALL_OBJC_HEADER = NO;
				SWIFT_UPCOMING_FEATURE_MEMBER_IMPORT_VISIBILITY = YES;
				SWIFT_VERSION = 5.0;
				TARGETED_DEVICE_FAMILY = "1,2";
				VERSIONING_SYSTEM = "apple-generic";
				VERSION_INFO_PREFIX = "";
			};
			name = Release;
		};
		C6B09FE72E92CF5400899162 /* Debug */ = {
			isa = XCBuildConfiguration;
			buildSettings = {
				ASSETCATALOG_COMPILER_GLOBAL_ACCENT_COLOR_NAME = AccentColor;
				ASSETCATALOG_COMPILER_WIDGET_BACKGROUND_COLOR_NAME = WidgetBackground;
				CODE_SIGN_ENTITLEMENTS = "FinanceTrackerWidgetExtension-Dev.entitlements";
				CODE_SIGN_STYLE = Automatic;
				CURRENT_PROJECT_VERSION = 5;
				DEVELOPMENT_TEAM = 2XM9FQAP3J;
				GENERATE_INFOPLIST_FILE = YES;
				INFOPLIST_FILE = FinanceTrackerWidget/Info.plist;
				INFOPLIST_KEY_CFBundleDisplayName = "Syl Widgets";
				INFOPLIST_KEY_NSHumanReadableCopyright = "";
				IPHONEOS_DEPLOYMENT_TARGET = 26.0;
				LD_RUNPATH_SEARCH_PATHS = (
					"$(inherited)",
					"@executable_path/Frameworks",
					"@executable_path/../../Frameworks",
				);
				MARKETING_VERSION = 1.0;
				PRODUCT_BUNDLE_IDENTIFIER = "me.enzottic.FinanceTracker-debug.FinanceTrackerWidget";
				PRODUCT_NAME = "$(TARGET_NAME)";
				SKIP_INSTALL = YES;
				STRING_CATALOG_GENERATE_SYMBOLS = YES;
				SUPPORTED_PLATFORMS = "iphoneos iphonesimulator";
				SUPPORTS_MACCATALYST = NO;
				SUPPORTS_MAC_DESIGNED_FOR_IPHONE_IPAD = YES;
				SUPPORTS_XR_DESIGNED_FOR_IPHONE_IPAD = NO;
				SWIFT_APPROACHABLE_CONCURRENCY = YES;
				SWIFT_EMIT_LOC_STRINGS = YES;
				SWIFT_UPCOMING_FEATURE_MEMBER_IMPORT_VISIBILITY = YES;
				SWIFT_VERSION = 5.0;
				TARGETED_DEVICE_FAMILY = "1,2";
			};
			name = Debug;
		};
		C6B09FE82E92CF5400899162 /* Release */ = {
			isa = XCBuildConfiguration;
			buildSettings = {
				ASSETCATALOG_COMPILER_GLOBAL_ACCENT_COLOR_NAME = AccentColor;
				ASSETCATALOG_COMPILER_WIDGET_BACKGROUND_COLOR_NAME = WidgetBackground;
				CODE_SIGN_ENTITLEMENTS = FinanceTrackerWidgetExtension.entitlements;
				CODE_SIGN_STYLE = Automatic;
				CURRENT_PROJECT_VERSION = 5;
				DEVELOPMENT_TEAM = 2XM9FQAP3J;
				GENERATE_INFOPLIST_FILE = YES;
				INFOPLIST_FILE = FinanceTrackerWidget/Info.plist;
				INFOPLIST_KEY_CFBundleDisplayName = "Syl Widgets";
				INFOPLIST_KEY_NSHumanReadableCopyright = "";
				IPHONEOS_DEPLOYMENT_TARGET = 26.0;
				LD_RUNPATH_SEARCH_PATHS = (
					"$(inherited)",
					"@executable_path/Frameworks",
					"@executable_path/../../Frameworks",
				);
				MARKETING_VERSION = 1.0;
				PRODUCT_BUNDLE_IDENTIFIER = me.enzottic.FinanceTracker.FinanceTrackerWidget;
				PRODUCT_NAME = "$(TARGET_NAME)";
				SKIP_INSTALL = YES;
				STRING_CATALOG_GENERATE_SYMBOLS = YES;
				SUPPORTED_PLATFORMS = "iphoneos iphonesimulator";
				SUPPORTS_MACCATALYST = NO;
				SUPPORTS_MAC_DESIGNED_FOR_IPHONE_IPAD = YES;
				SUPPORTS_XR_DESIGNED_FOR_IPHONE_IPAD = NO;
				SWIFT_APPROACHABLE_CONCURRENCY = YES;
				SWIFT_EMIT_LOC_STRINGS = YES;
				SWIFT_UPCOMING_FEATURE_MEMBER_IMPORT_VISIBILITY = YES;
				SWIFT_VERSION = 5.0;
				TARGETED_DEVICE_FAMILY = "1,2";
			};
			name = Release;
		};
		C6ED82C43053ADE4004DE5F2 /* Debug */ = {
			isa = XCBuildConfiguration;
			buildSettings = {
				ASSETCATALOG_COMPILER_APPICON_NAME = "FinanceApp-Dev";
				ASSETCATALOG_COMPILER_GLOBAL_ACCENT_COLOR_NAME = AccentColor;
				CODE_SIGN_ENTITLEMENTS = WatchShared/Watch.entitlements;
				CODE_SIGN_IDENTITY = "Apple Development";
				CODE_SIGN_STYLE = Automatic;
				CURRENT_PROJECT_VERSION = 5;
				DEVELOPMENT_TEAM = 2XM9FQAP3J;
				ENABLE_PREVIEWS = YES;
				GENERATE_INFOPLIST_FILE = YES;
				INFOPLIST_KEY_CFBundleDisplayName = Syl;
				INFOPLIST_KEY_UISupportedInterfaceOrientations = "UIInterfaceOrientationPortrait UIInterfaceOrientationPortraitUpsideDown";
				INFOPLIST_KEY_WKCompanionAppBundleIdentifier = "me.enzottic.FinanceTracker-debug";
				LD_RUNPATH_SEARCH_PATHS = (
					"$(inherited)",
					"@executable_path/Frameworks",
				);
				MARKETING_VERSION = 1.0;
				PRODUCT_BUNDLE_IDENTIFIER = "me.enzottic.FinanceTracker-debug.watchkitapp";
				PRODUCT_NAME = "$(TARGET_NAME)";
				SDKROOT = watchos;
				SKIP_INSTALL = YES;
				STRING_CATALOG_GENERATE_SYMBOLS = YES;
				SWIFT_APPROACHABLE_CONCURRENCY = YES;
				SWIFT_DEFAULT_ACTOR_ISOLATION = MainActor;
				SWIFT_EMIT_LOC_STRINGS = YES;
				SWIFT_UPCOMING_FEATURE_MEMBER_IMPORT_VISIBILITY = YES;
				SWIFT_VERSION = 5.0;
				TARGETED_DEVICE_FAMILY = 4;
				WATCHOS_DEPLOYMENT_TARGET = 26.5;
				WATCH_APP_GROUP = group.me.enzottic.SageAppGroup.dev;
			};
			name = Debug;
		};
		C6ED82C53053ADE4004DE5F2 /* Release */ = {
			isa = XCBuildConfiguration;
			buildSettings = {
				ASSETCATALOG_COMPILER_APPICON_NAME = FinanceApp;
				ASSETCATALOG_COMPILER_GLOBAL_ACCENT_COLOR_NAME = AccentColor;
				CODE_SIGN_ENTITLEMENTS = WatchShared/Watch.entitlements;
				CODE_SIGN_IDENTITY = "Apple Development";
				CODE_SIGN_STYLE = Automatic;
				CURRENT_PROJECT_VERSION = 5;
				DEVELOPMENT_TEAM = 2XM9FQAP3J;
				ENABLE_PREVIEWS = YES;
				GENERATE_INFOPLIST_FILE = YES;
				INFOPLIST_KEY_CFBundleDisplayName = Syl;
				INFOPLIST_KEY_UISupportedInterfaceOrientations = "UIInterfaceOrientationPortrait UIInterfaceOrientationPortraitUpsideDown";
				INFOPLIST_KEY_WKCompanionAppBundleIdentifier = me.enzottic.FinanceTracker;
				LD_RUNPATH_SEARCH_PATHS = (
					"$(inherited)",
					"@executable_path/Frameworks",
				);
				MARKETING_VERSION = 1.0;
				PRODUCT_BUNDLE_IDENTIFIER = me.enzottic.FinanceTracker.watchkitapp;
				PRODUCT_NAME = "$(TARGET_NAME)";
				SDKROOT = watchos;
				SKIP_INSTALL = YES;
				STRING_CATALOG_GENERATE_SYMBOLS = YES;
				SWIFT_APPROACHABLE_CONCURRENCY = YES;
				SWIFT_DEFAULT_ACTOR_ISOLATION = MainActor;
				SWIFT_EMIT_LOC_STRINGS = YES;
				SWIFT_UPCOMING_FEATURE_MEMBER_IMPORT_VISIBILITY = YES;
				SWIFT_VERSION = 5.0;
				TARGETED_DEVICE_FAMILY = 4;
				WATCHOS_DEPLOYMENT_TARGET = 26.5;
				WATCH_APP_GROUP = group.me.enzottic.SageAppGroup;
			};
			name = Release;
		};
/* End XCBuildConfiguration section */

/* Begin XCConfigurationList section */
		C6110906000000000000000D /* Build configuration list for PBXNativeTarget "FinanceTrackerWatchWidget" */ = {
			isa = XCConfigurationList;
			buildConfigurations = (
				C61109060000000000000011 /* Debug */,
				C61109060000000000000012 /* Release */,
			);
			defaultConfigurationIsVisible = 0;
			defaultConfigurationName = Release;
		};
		C624000C2FFF00240000000C /* Build configuration list for PBXNativeTarget "FinanceTrackerTests" */ = {
			isa = XCConfigurationList;
			buildConfigurations = (
				C624000A2FFF00240000000A /* Debug */,
				C624000B2FFF00240000000B /* Release */,
			);
			defaultConfigurationIsVisible = 0;
			defaultConfigurationName = Release;
		};
		C655B3B42EF8E4B300E1F50E /* Build configuration list for PBXNativeTarget "FinanceTrackerUITests" */ = {
			isa = XCConfigurationList;
			buildConfigurations = (
				C655B3B52EF8E4B300E1F50E /* Debug */,
				C655B3B62EF8E4B300E1F50E /* Release */,
			);
			defaultConfigurationIsVisible = 0;
			defaultConfigurationName = Release;
		};
		C66031C12E8073C60078DD15 /* Build configuration list for PBXProject "FinanceTracker" */ = {
			isa = XCConfigurationList;
			buildConfigurations = (
				C66031D12E8073C70078DD15 /* Debug */,
				C66031D22E8073C70078DD15 /* Release */,
			);
			defaultConfigurationIsVisible = 0;
			defaultConfigurationName = Release;
		};
		C66031D32E8073C70078DD15 /* Build configuration list for PBXNativeTarget "FinanceTracker" */ = {
			isa = XCConfigurationList;
			buildConfigurations = (
				C66031D42E8073C70078DD15 /* Debug */,
				C66031D52E8073C70078DD15 /* Release */,
			);
			defaultConfigurationIsVisible = 0;
			defaultConfigurationName = Release;
		};
		C68EEE172FD7C7E8003C4FD6 /* Build configuration list for PBXNativeTarget "SageKit" */ = {
			isa = XCConfigurationList;
			buildConfigurations = (
				C68EEE182FD7C7E8003C4FD6 /* Debug */,
				C68EEE192FD7C7E8003C4FD6 /* Release */,
			);
			defaultConfigurationIsVisible = 0;
			defaultConfigurationName = Release;
		};
		C6B09FE62E92CF5400899162 /* Build configuration list for PBXNativeTarget "FinanceTrackerWidgetExtension" */ = {
			isa = XCConfigurationList;
			buildConfigurations = (
				C6B09FE72E92CF5400899162 /* Debug */,
				C6B09FE82E92CF5400899162 /* Release */,
			);
			defaultConfigurationIsVisible = 0;
			defaultConfigurationName = Release;
		};
		C6ED82C33053ADE4004DE5F2 /* Build configuration list for PBXNativeTarget "FinanceTrackerWatch Watch App" */ = {
			isa = XCConfigurationList;
			buildConfigurations = (
				C6ED82C43053ADE4004DE5F2 /* Debug */,
				C6ED82C53053ADE4004DE5F2 /* Release */,
			);
			defaultConfigurationIsVisible = 0;
			defaultConfigurationName = Release;
		};
/* End XCConfigurationList section */
	};
	rootObject = C66031BE2E8073C60078DD15 /* Project object */;
}
